
Microsoft Visual Studio Solution File, Format Version 12.00
# Visual Studio Version 17
VisualStudioVersion = 17.4.33205.214
MinimumVisualStudioVersion = 10.0.40219.1
Project("{2150E333-8FDC-42A3-9474-1A3956D46DE8}") = "src", "src", "{1450BD86-87F2-43E8-841B-9D471410D29D}"
EndProject
Project("{2150E333-8FDC-42A3-9474-1A3956D46DE8}") = "test", "test", "{37FDA88E-51C3-4C47-B37A-A914BA4658BD}"
EndProject
Project("{FAE04EC0-301F-11D3-BF4B-00C04F79EFBC}") = "Conduit.API", "src\Conduit.API\Conduit.API.csproj", "{BD8EBBEB-5ECA-414D-BFE4-7358AA470401}"
EndProject
Global
	GlobalSection(SolutionConfigurationPlatforms) = preSolution
		Debug|Any CPU = Debug|Any CPU
		Release|Any CPU = Release|Any CPU
	EndGlobalSection
	GlobalSection(ProjectConfigurationPlatforms) = postSolution
		{BD8EBBEB-5ECA-414D-BFE4-7358AA470401}.Debug|Any CPU.ActiveCfg = Debug|Any CPU
		{BD8EBBEB-5ECA-414D-BFE4-7358AA470401}.Debug|Any CPU.Build.0 = Debug|Any CPU
		{BD8EBBEB-5ECA-414D-BFE4-7358AA470401}.Release|Any CPU.ActiveCfg = Release|Any CPU
		{BD8EBBEB-5ECA-414D-BFE4-7358AA470401}.Release|Any CPU.Build.0 = Release|Any CPU
	EndGlobalSection
	GlobalSection(SolutionProperties) = preSolution
		HideSolutionNode = FALSE
	EndGlobalSection
	GlobalSection(NestedProjects) = preSolution
		{BD8EBBEB-5ECA-414D-BFE4-7358AA470401} = {1450BD86-87F2-43E8-841B-9D471410D29D}
	EndGlobalSection
	GlobalSection(ExtensibilityGlobals) = postSolution
		SolutionGuid = {7DB4B5D1-D78B-451B-95DC-A91DC65F3C1C}
	EndGlobalSection
EndGlobal
