
Microsoft Visual Studio Solution File, Format Version 12.00
# Visual Studio Version 17
VisualStudioVersion = 17.3.32929.385
MinimumVisualStudioVersion = 10.0.40219.1
Project("{2150E333-8FDC-42A3-9474-1A3956D46DE8}") = "src", "src", "{45F7B1EE-D680-40B3-B304-CBAE85467F27}"
EndProject
Project("{2150E333-8FDC-42A3-9474-1A3956D46DE8}") = "tests", "tests", "{C0B7E995-C265-4B76-ABBB-CCD992679956}"
EndProject
Project("{2150E333-8FDC-42A3-9474-1A3956D46DE8}") = "Core", "Core", "{C3C967D7-9DC4-4634-9D64-87AA9A5DD402}"
EndProject
Project("{FAE04EC0-301F-11D3-BF4B-00C04F79EFBC}") = "RealWorld.Conduit.Domain", "src\Core\RealWorld.Conduit.Domain\RealWorld.Conduit.Domain.csproj", "{5D796FB5-12B6-4755-87A1-4F11C6EC1A26}"
EndProject
Project("{FAE04EC0-301F-11D3-BF4B-00C04F79EFBC}") = "RealWorld.Conduit.Application", "src\Core\RealWorld.Conduit.Application\RealWorld.Conduit.Application.csproj", "{268B5E4A-1E13-4BF6-8FD4-61FB89868A3E}"
EndProject
Project("{2150E333-8FDC-42A3-9474-1A3956D46DE8}") = "Infrastructure", "Infrastructure", "{1245F2E6-94EA-49DD-9266-CF271E0CDC36}"
EndProject
Project("{2150E333-8FDC-42A3-9474-1A3956D46DE8}") = "Presentation", "Presentation", "{1FBA4C02-1FCA-440E-BC76-751D0B781F46}"
EndProject
Project("{FAE04EC0-301F-11D3-BF4B-00C04F79EFBC}") = "RealWorld.Conduit.Infrastructure", "src\Infrastructure\RealWorld.Conduit.Infrastructure\RealWorld.Conduit.Infrastructure.csproj", "{596645BE-8163-4A04-A3DC-74CE66ECC299}"
EndProject
Project("{FAE04EC0-301F-11D3-BF4B-00C04F79EFBC}") = "RealWorld.Conduit.WebApi", "src\Presentation\RealWorld.Conduit.WebApi\RealWorld.Conduit.WebApi.csproj", "{D0F8A9F3-10A9-4470-9149-C629C0C92A63}"
EndProject
Project("{2150E333-8FDC-42A3-9474-1A3956D46DE8}") = "IntegrationTests", "IntegrationTests", "{E5174211-28B2-4C33-A531-77635E49A843}"
EndProject
Project("{2150E333-8FDC-42A3-9474-1A3956D46DE8}") = "UnitTests", "UnitTests", "{6547287F-3C3C-4038-89DE-7323BC312F54}"
EndProject
Project("{FAE04EC0-301F-11D3-BF4B-00C04F79EFBC}") = "Core.Application.UnitTest", "tests\UnitTests\Core.Application.UnitTest\Core.Application.UnitTest.csproj", "{D6839ECE-CD8F-429C-A9A8-CEACA1E40B62}"
EndProject
Project("{FAE04EC0-301F-11D3-BF4B-00C04F79EFBC}") = "Infrastructure.UnitTest", "tests\UnitTests\Infrastructure.UnitTest\Infrastructure.UnitTest.csproj", "{36F3C831-A533-4031-AF17-EBEE5BFEBCAA}"
EndProject
Project("{FAE04EC0-301F-11D3-BF4B-00C04F79EFBC}") = "Presentation.WebApi.UnitTest", "tests\UnitTests\Presentation.WebApi.UnitTest\Presentation.WebApi.UnitTest.csproj", "{35D32C82-B5CD-4AE2-9B63-F35E72141832}"
EndProject
Project("{FAE04EC0-301F-11D3-BF4B-00C04F79EFBC}") = "Core.Domain.UnitTest", "tests\UnitTests\Core.Domain.UnitTest\Core.Domain.UnitTest.csproj", "{98E6D1EB-B19A-4188-95F2-05F7F20E9652}"
EndProject
Project("{FAE04EC0-301F-11D3-BF4B-00C04F79EFBC}") = "Presentation.WebApi.IntegrationTest", "tests\IntegrationTests\Presentation.WebApi.IntegrationTest\Presentation.WebApi.IntegrationTest.csproj", "{8C19D3F3-1115-4582-8B3F-6A1A9FEB360C}"
EndProject
Global
	GlobalSection(SolutionConfigurationPlatforms) = preSolution
		Debug|Any CPU = Debug|Any CPU
		Release|Any CPU = Release|Any CPU
	EndGlobalSection
	GlobalSection(ProjectConfigurationPlatforms) = postSolution
		{5D796FB5-12B6-4755-87A1-4F11C6EC1A26}.Debug|Any CPU.ActiveCfg = Debug|Any CPU
		{5D796FB5-12B6-4755-87A1-4F11C6EC1A26}.Debug|Any CPU.Build.0 = Debug|Any CPU
		{5D796FB5-12B6-4755-87A1-4F11C6EC1A26}.Release|Any CPU.ActiveCfg = Release|Any CPU
		{5D796FB5-12B6-4755-87A1-4F11C6EC1A26}.Release|Any CPU.Build.0 = Release|Any CPU
		{268B5E4A-1E13-4BF6-8FD4-61FB89868A3E}.Debug|Any CPU.ActiveCfg = Debug|Any CPU
		{268B5E4A-1E13-4BF6-8FD4-61FB89868A3E}.Debug|Any CPU.Build.0 = Debug|Any CPU
		{268B5E4A-1E13-4BF6-8FD4-61FB89868A3E}.Release|Any CPU.ActiveCfg = Release|Any CPU
		{268B5E4A-1E13-4BF6-8FD4-61FB89868A3E}.Release|Any CPU.Build.0 = Release|Any CPU
		{596645BE-8163-4A04-A3DC-74CE66ECC299}.Debug|Any CPU.ActiveCfg = Debug|Any CPU
		{596645BE-8163-4A04-A3DC-74CE66ECC299}.Debug|Any CPU.Build.0 = Debug|Any CPU
		{596645BE-8163-4A04-A3DC-74CE66ECC299}.Release|Any CPU.ActiveCfg = Release|Any CPU
		{596645BE-8163-4A04-A3DC-74CE66ECC299}.Release|Any CPU.Build.0 = Release|Any CPU
		{D0F8A9F3-10A9-4470-9149-C629C0C92A63}.Debug|Any CPU.ActiveCfg = Debug|Any CPU
		{D0F8A9F3-10A9-4470-9149-C629C0C92A63}.Debug|Any CPU.Build.0 = Debug|Any CPU
		{D0F8A9F3-10A9-4470-9149-C629C0C92A63}.Release|Any CPU.ActiveCfg = Release|Any CPU
		{D0F8A9F3-10A9-4470-9149-C629C0C92A63}.Release|Any CPU.Build.0 = Release|Any CPU
		{D6839ECE-CD8F-429C-A9A8-CEACA1E40B62}.Debug|Any CPU.ActiveCfg = Debug|Any CPU
		{D6839ECE-CD8F-429C-A9A8-CEACA1E40B62}.Debug|Any CPU.Build.0 = Debug|Any CPU
		{D6839ECE-CD8F-429C-A9A8-CEACA1E40B62}.Release|Any CPU.ActiveCfg = Release|Any CPU
		{D6839ECE-CD8F-429C-A9A8-CEACA1E40B62}.Release|Any CPU.Build.0 = Release|Any CPU
		{36F3C831-A533-4031-AF17-EBEE5BFEBCAA}.Debug|Any CPU.ActiveCfg = Debug|Any CPU
		{36F3C831-A533-4031-AF17-EBEE5BFEBCAA}.Debug|Any CPU.Build.0 = Debug|Any CPU
		{36F3C831-A533-4031-AF17-EBEE5BFEBCAA}.Release|Any CPU.ActiveCfg = Release|Any CPU
		{36F3C831-A533-4031-AF17-EBEE5BFEBCAA}.Release|Any CPU.Build.0 = Release|Any CPU
		{35D32C82-B5CD-4AE2-9B63-F35E72141832}.Debug|Any CPU.ActiveCfg = Debug|Any CPU
		{35D32C82-B5CD-4AE2-9B63-F35E72141832}.Debug|Any CPU.Build.0 = Debug|Any CPU
		{35D32C82-B5CD-4AE2-9B63-F35E72141832}.Release|Any CPU.ActiveCfg = Release|Any CPU
		{35D32C82-B5CD-4AE2-9B63-F35E72141832}.Release|Any CPU.Build.0 = Release|Any CPU
		{98E6D1EB-B19A-4188-95F2-05F7F20E9652}.Debug|Any CPU.ActiveCfg = Debug|Any CPU
		{98E6D1EB-B19A-4188-95F2-05F7F20E9652}.Debug|Any CPU.Build.0 = Debug|Any CPU
		{98E6D1EB-B19A-4188-95F2-05F7F20E9652}.Release|Any CPU.ActiveCfg = Release|Any CPU
		{98E6D1EB-B19A-4188-95F2-05F7F20E9652}.Release|Any CPU.Build.0 = Release|Any CPU
		{8C19D3F3-1115-4582-8B3F-6A1A9FEB360C}.Debug|Any CPU.ActiveCfg = Debug|Any CPU
		{8C19D3F3-1115-4582-8B3F-6A1A9FEB360C}.Debug|Any CPU.Build.0 = Debug|Any CPU
		{8C19D3F3-1115-4582-8B3F-6A1A9FEB360C}.Release|Any CPU.ActiveCfg = Release|Any CPU
		{8C19D3F3-1115-4582-8B3F-6A1A9FEB360C}.Release|Any CPU.Build.0 = Release|Any CPU
	EndGlobalSection
	GlobalSection(SolutionProperties) = preSolution
		HideSolutionNode = FALSE
	EndGlobalSection
	GlobalSection(NestedProjects) = preSolution
		{C3C967D7-9DC4-4634-9D64-87AA9A5DD402} = {45F7B1EE-D680-40B3-B304-CBAE85467F27}
		{5D796FB5-12B6-4755-87A1-4F11C6EC1A26} = {C3C967D7-9DC4-4634-9D64-87AA9A5DD402}
		{268B5E4A-1E13-4BF6-8FD4-61FB89868A3E} = {C3C967D7-9DC4-4634-9D64-87AA9A5DD402}
		{1245F2E6-94EA-49DD-9266-CF271E0CDC36} = {45F7B1EE-D680-40B3-B304-CBAE85467F27}
		{1FBA4C02-1FCA-440E-BC76-751D0B781F46} = {45F7B1EE-D680-40B3-B304-CBAE85467F27}
		{596645BE-8163-4A04-A3DC-74CE66ECC299} = {1245F2E6-94EA-49DD-9266-CF271E0CDC36}
		{D0F8A9F3-10A9-4470-9149-C629C0C92A63} = {1FBA4C02-1FCA-440E-BC76-751D0B781F46}
		{E5174211-28B2-4C33-A531-77635E49A843} = {C0B7E995-C265-4B76-ABBB-CCD992679956}
		{6547287F-3C3C-4038-89DE-7323BC312F54} = {C0B7E995-C265-4B76-ABBB-CCD992679956}
		{D6839ECE-CD8F-429C-A9A8-CEACA1E40B62} = {6547287F-3C3C-4038-89DE-7323BC312F54}
		{36F3C831-A533-4031-AF17-EBEE5BFEBCAA} = {6547287F-3C3C-4038-89DE-7323BC312F54}
		{35D32C82-B5CD-4AE2-9B63-F35E72141832} = {6547287F-3C3C-4038-89DE-7323BC312F54}
		{98E6D1EB-B19A-4188-95F2-05F7F20E9652} = {6547287F-3C3C-4038-89DE-7323BC312F54}
		{8C19D3F3-1115-4582-8B3F-6A1A9FEB360C} = {E5174211-28B2-4C33-A531-77635E49A843}
	EndGlobalSection
	GlobalSection(ExtensibilityGlobals) = postSolution
		SolutionGuid = {1886A556-58C1-4C72-86A0-62C8465C8BD1}
	EndGlobalSection
EndGlobal
