{"1.1.0",
[{<<"backoff">>,{pkg,<<"backoff">>,<<"1.1.6">>},2},
 {<<"elli">>,{pkg,<<"elli">>,<<"3.3.0">>},0},
 {<<"gleam_elli">>,{pkg,<<"gleam_elli">>,<<"0.1.1">>},0},
 {<<"gleam_http">>,{pkg,<<"gleam_http">>,<<"1.5.0">>},0},
 {<<"gleam_json">>,{pkg,<<"gleam_json">>,<<"0.1.0">>},0},
 {<<"gleam_otp">>,{pkg,<<"gleam_otp">>,<<"0.0.1">>},1},
 {<<"gleam_pgo">>,{pkg,<<"gleam_pgo">>,<<"0.1.0">>},0},
 {<<"gleam_stdlib">>,{pkg,<<"gleam_stdlib">>,<<"0.11.0">>},0},
 {<<"jose">>,{pkg,<<"jose">>,<<"1.10.1">>},0},
 {<<"jsone">>,{pkg,<<"jsone">>,<<"1.5.2">>},1},
 {<<"pg_types">>,{pkg,<<"pg_types">>,<<"0.3.0">>},2},
 {<<"pgo">>,{pkg,<<"pgo">>,<<"0.11.1">>},1},
 {<<"telemetry">>,{pkg,<<"telemetry">>,<<"0.4.2">>},2}]}.
[
{pkg_hash,[
 {<<"backoff">>, <<"83B72ED2108BA1EE8F7D1C22E0B4A00CFE3593A67DBC792799E8CCE9F42F796B">>},
 {<<"elli">>, <<"089218762A7FF3D20AE81C8E911BD0F73EE4EE0ED85454226D1FC6B4FFF3B4F6">>},
 {<<"gleam_elli">>, <<"BB9635BFE9ACA8540ADEBA6C622FB25E6E161285EF1384E63660B29902F5B3CA">>},
 {<<"gleam_http">>, <<"BE2DFC92BF6F83DF6A19756B985A42E0798DEA64BB885AB08B31E0384F7165D3">>},
 {<<"gleam_json">>, <<"8740EB85E079F38A15F2627D53C306491D90C43C423AAE56A4ABC371319CC346">>},
 {<<"gleam_otp">>, <<"2E43C9F807DDD281D1142F5D1428627F1D99A1E53C4C95D6CCB5B4A6C7799ABA">>},
 {<<"gleam_pgo">>, <<"5374A40FF5B6A697C9EC0CA4E8D27911EEA50E22D905E9BE7603F12BEE14F2EE">>},
 {<<"gleam_stdlib">>, <<"9B1089739574CDF78A1C25A463D770A98F59E63A92324D17095AD67E867EE549">>},
 {<<"jose">>, <<"16D8E460DAE7203C6D1EFA3F277E25B5AF8B659FEBFC2F2EB4BACF87F128B80A">>},
 {<<"jsone">>, <<"87ADEA283C9CF24767B4DEED44602989A5331156DF5D60A2660E9C9114D54046">>},
 {<<"pg_types">>, <<"1CE19C32851E2E59A3DE17A88920FFE0566041FCE81BE5F4537F1DB01D4267AA">>},
 {<<"pgo">>, <<"4B699096E0C5009610AB063F68B97D1B45FD4BAFA286ED5FFC6744DA07F7B6A6">>},
 {<<"telemetry">>, <<"2808C992455E08D6177322F14D3BDB6B625FBCFD233A73505870D8738A2F4599">>}]}
].
