{"1.2.0",
[{<<"backoff">>,{pkg,<<"backoff">>,<<"1.1.6">>},2},
 {<<"elli">>,{pkg,<<"elli">>,<<"3.3.0">>},0},
 {<<"gleam_elli">>,{pkg,<<"gleam_elli">>,<<"0.1.1">>},0},
 {<<"gleam_http">>,{pkg,<<"gleam_http">>,<<"1.4.0">>},0},
 {<<"gleam_json">>,{pkg,<<"gleam_json">>,<<"0.1.0">>},0},
 {<<"gleam_otp">>,{pkg,<<"gleam_otp">>,<<"0.0.1">>},1},
 {<<"gleam_pgo">>,{pkg,<<"gleam_pgo">>,<<"0.1.0">>},0},
 {<<"gleam_stdlib">>,{pkg,<<"gleam_stdlib">>,<<"0.11.0">>},0},
 {<<"jose">>,{pkg,<<"jose">>,<<"1.10.1">>},0},
 {<<"jsone">>,{pkg,<<"jsone">>,<<"1.5.2">>},1},
 {<<"pg_types">>,{pkg,<<"pg_types">>,<<"0.3.0">>},2},
 {<<"pgo">>,{pkg,<<"pgo">>,<<"0.11.1">>},1},
 {<<"telemetry">>,{pkg,<<"telemetry">>,<<"0.4.2">>},2}]}.
[
{pkg_hash,[
 {<<"backoff">>, <<"83B72ED2108BA1EE8F7D1C22E0B4A00CFE3593A67DBC792799E8CCE9F42F796B">>},
 {<<"elli">>, <<"089218762A7FF3D20AE81C8E911BD0F73EE4EE0ED85454226D1FC6B4FFF3B4F6">>},
 {<<"gleam_elli">>, <<"BB9635BFE9ACA8540ADEBA6C622FB25E6E161285EF1384E63660B29902F5B3CA">>},
 {<<"gleam_http">>, <<"5A149037A298CCA365F2E447736D7B15F620E95C2028658EB3ADDBA05725DB08">>},
 {<<"gleam_json">>, <<"8740EB85E079F38A15F2627D53C306491D90C43C423AAE56A4ABC371319CC346">>},
 {<<"gleam_otp">>, <<"2E43C9F807DDD281D1142F5D1428627F1D99A1E53C4C95D6CCB5B4A6C7799ABA">>},
 {<<"gleam_pgo">>, <<"5374A40FF5B6A697C9EC0CA4E8D27911EEA50E22D905E9BE7603F12BEE14F2EE">>},
 {<<"gleam_stdlib">>, <<"9B1089739574CDF78A1C25A463D770A98F59E63A92324D17095AD67E867EE549">>},
 {<<"jose">>, <<"16D8E460DAE7203C6D1EFA3F277E25B5AF8B659FEBFC2F2EB4BACF87F128B80A">>},
 {<<"jsone">>, <<"87ADEA283C9CF24767B4DEED44602989A5331156DF5D60A2660E9C9114D54046">>},
 {<<"pg_types">>, <<"1CE19C32851E2E59A3DE17A88920FFE0566041FCE81BE5F4537F1DB01D4267AA">>},
 {<<"pgo">>, <<"4B699096E0C5009610AB063F68B97D1B45FD4BAFA286ED5FFC6744DA07F7B6A6">>},
 {<<"telemetry">>, <<"2808C992455E08D6177322F14D3BDB6B625FBCFD233A73505870D8738A2F4599">>}]},
{pkg_hash_ext,[
 {<<"backoff">>, <<"CF0CFFF8995FB20562F822E5CC47D8CCF664C5ECDC26A684CBE85C225F9D7C39">>},
 {<<"elli">>, <<"698B13B33D05661DB9FE7EFCBA41B84825A379CCE86E486CF6AFF9285BE0CCF8">>},
 {<<"gleam_elli">>, <<"2EDB05861F7193F807022D0E56F8FC0E3122340623E9EEA61C370130A80D1888">>},
 {<<"gleam_http">>, <<"F1E1FDE4BBCF905CE0E9C1A867D56E05D8898945C8E10C247235A6D9623FF045">>},
 {<<"gleam_json">>, <<"8C6F144BC4F2DDCB0347A84C4DEE134BD771A8A7C95C135A31D373D5EA95652B">>},
 {<<"gleam_otp">>, <<"72DBC7EDBC275AAE4CACBE44DE70CBBEA5A73BA7CBEE3391A823BEAB17BA92B7">>},
 {<<"gleam_pgo">>, <<"D4963A25479D52912CB2328308EE74B5C043E3E5121A9EA0D23265C00AA45D20">>},
 {<<"gleam_stdlib">>, <<"5508E169E20369FC8D400481D3F37CCB2CFD880509F63D6E2B6D85F939BC991B">>},
 {<<"jose">>, <<"3C7DDC8A9394B92891DB7C2771DA94BF819834A1A4C92E30857B7D582E2F8257">>},
 {<<"jsone">>, <<"170C171CE7F6DD70C858065154A3305B8564833C6DCCA17E10B676CA31EA976F">>},
 {<<"pg_types">>, <<"59D1E306D704314979A468268AA3D07DA4E791B3D72C7FBFC881B458CA14C0C8">>},
 {<<"pgo">>, <<"30F38CA823A98C41EF23967D133E91B45AD14AEE0766F4773E88BCCF46BA17A5">>},
 {<<"telemetry">>, <<"2D1419BD9DDA6A206D7B5852179511722E2B18812310D304620C7BD92A13FCEF">>}]}
].
