
Microsoft Visual Studio Solution File, Format Version 12.00
# Visual Studio Version 17
VisualStudioVersion = 17.0.31903.59
MinimumVisualStudioVersion = 10.0.40219.1
Project("{FAE04EC0-301F-11D3-BF4B-00C04F79EFBC}") = "Application", "Application\Application.csproj", "{D2B5F5A1-1C83-4D5F-B9F7-81006532D36E}"
EndProject
Project("{FAE04EC0-301F-11D3-BF4B-00C04F79EFBC}") = "Domain", "Domain\Domain.csproj", "{D8EEB222-DEE3-44B0-99CE-ABCFC8E63902}"
EndProject
Project("{2150E333-8FDC-42A3-9474-1A3956D46DE8}") = "Driving Adapters", "Driving Adapters", "{ECCD3411-05F8-40D7-ABEA-B80F50DC7BE9}"
EndProject
Project("{2150E333-8FDC-42A3-9474-1A3956D46DE8}") = "Driven Adapters", "Driven Adapters", "{731D8DB3-18E1-4056-8B3B-FD7AB0A344D2}"
EndProject
Project("{FAE04EC0-301F-11D3-BF4B-00C04F79EFBC}") = "RestAPI", "RestAPI\RestAPI.csproj", "{2619F309-4D5E-462B-A74B-B748698C9ED4}"
EndProject
Project("{FAE04EC0-301F-11D3-BF4B-00C04F79EFBC}") = "Persistence", "Persistence\Persistence.csproj", "{BD74F1D7-A996-47D2-8B88-063F2337B07C}"
EndProject
Project("{2150E333-8FDC-42A3-9474-1A3956D46DE8}") = "Solution Items", "Solution Items", "{56CF281F-828D-4412-A334-580511DF1A5E}"
	ProjectSection(SolutionItems) = preProject
		.editorconfig = .editorconfig
		..\..\.gitignore = ..\..\.gitignore
	EndProjectSection
EndProject
Global
	GlobalSection(SolutionConfigurationPlatforms) = preSolution
		Debug|Any CPU = Debug|Any CPU
		Release|Any CPU = Release|Any CPU
	EndGlobalSection
	GlobalSection(ProjectConfigurationPlatforms) = postSolution
		{D2B5F5A1-1C83-4D5F-B9F7-81006532D36E}.Debug|Any CPU.ActiveCfg = Debug|Any CPU
		{D2B5F5A1-1C83-4D5F-B9F7-81006532D36E}.Debug|Any CPU.Build.0 = Debug|Any CPU
		{D2B5F5A1-1C83-4D5F-B9F7-81006532D36E}.Release|Any CPU.ActiveCfg = Release|Any CPU
		{D2B5F5A1-1C83-4D5F-B9F7-81006532D36E}.Release|Any CPU.Build.0 = Release|Any CPU
		{D8EEB222-DEE3-44B0-99CE-ABCFC8E63902}.Debug|Any CPU.ActiveCfg = Debug|Any CPU
		{D8EEB222-DEE3-44B0-99CE-ABCFC8E63902}.Debug|Any CPU.Build.0 = Debug|Any CPU
		{D8EEB222-DEE3-44B0-99CE-ABCFC8E63902}.Release|Any CPU.ActiveCfg = Release|Any CPU
		{D8EEB222-DEE3-44B0-99CE-ABCFC8E63902}.Release|Any CPU.Build.0 = Release|Any CPU
		{2619F309-4D5E-462B-A74B-B748698C9ED4}.Debug|Any CPU.ActiveCfg = Debug|Any CPU
		{2619F309-4D5E-462B-A74B-B748698C9ED4}.Debug|Any CPU.Build.0 = Debug|Any CPU
		{2619F309-4D5E-462B-A74B-B748698C9ED4}.Release|Any CPU.ActiveCfg = Release|Any CPU
		{2619F309-4D5E-462B-A74B-B748698C9ED4}.Release|Any CPU.Build.0 = Release|Any CPU
		{BD74F1D7-A996-47D2-8B88-063F2337B07C}.Debug|Any CPU.ActiveCfg = Debug|Any CPU
		{BD74F1D7-A996-47D2-8B88-063F2337B07C}.Debug|Any CPU.Build.0 = Debug|Any CPU
		{BD74F1D7-A996-47D2-8B88-063F2337B07C}.Release|Any CPU.ActiveCfg = Release|Any CPU
		{BD74F1D7-A996-47D2-8B88-063F2337B07C}.Release|Any CPU.Build.0 = Release|Any CPU
	EndGlobalSection
	GlobalSection(SolutionProperties) = preSolution
		HideSolutionNode = FALSE
	EndGlobalSection
	GlobalSection(NestedProjects) = preSolution
		{2619F309-4D5E-462B-A74B-B748698C9ED4} = {ECCD3411-05F8-40D7-ABEA-B80F50DC7BE9}
		{BD74F1D7-A996-47D2-8B88-063F2337B07C} = {731D8DB3-18E1-4056-8B3B-FD7AB0A344D2}
	EndGlobalSection
EndGlobal
